
Microsoft Visual Studio Solution File, Format Version 12.00
# Visual Studio 2013
VisualStudioVersion = 12.0.31101.0
MinimumVisualStudioVersion = 10.0.40219.1
Project("{FAE04EC0-301F-11D3-BF4B-00C04F79EFBC}") = "Task2_1", "Task2_1\Task2_1.csproj", "{DD6A1354-6271-4019-8B87-B7642B49856B}"
EndProject
Project("{FAE04EC0-301F-11D3-BF4B-00C04F79EFBC}") = "Task2_2", "Task2_2\Task2_2.csproj", "{ABFE2507-862B-484C-A4B1-7035769D76B3}"
EndProject
Project("{FAE04EC0-301F-11D3-BF4B-00C04F79EFBC}") = "Task2_2BinaryTree", "Task2_2BinaryTree\Task2_2BinaryTree.csproj", "{630253BF-9D35-43DF-958D-864918FE3023}"
EndProject
Global
	GlobalSection(SolutionConfigurationPlatforms) = preSolution
		Debug|Any CPU = Debug|Any CPU
		Release|Any CPU = Release|Any CPU
	EndGlobalSection
	GlobalSection(ProjectConfigurationPlatforms) = postSolution
		{DD6A1354-6271-4019-8B87-B7642B49856B}.Debug|Any CPU.ActiveCfg = Debug|Any CPU
		{DD6A1354-6271-4019-8B87-B7642B49856B}.Debug|Any CPU.Build.0 = Debug|Any CPU
		{DD6A1354-6271-4019-8B87-B7642B49856B}.Release|Any CPU.ActiveCfg = Release|Any CPU
		{DD6A1354-6271-4019-8B87-B7642B49856B}.Release|Any CPU.Build.0 = Release|Any CPU
		{ABFE2507-862B-484C-A4B1-7035769D76B3}.Debug|Any CPU.ActiveCfg = Debug|Any CPU
		{ABFE2507-862B-484C-A4B1-7035769D76B3}.Debug|Any CPU.Build.0 = Debug|Any CPU
		{ABFE2507-862B-484C-A4B1-7035769D76B3}.Release|Any CPU.ActiveCfg = Release|Any CPU
		{ABFE2507-862B-484C-A4B1-7035769D76B3}.Release|Any CPU.Build.0 = Release|Any CPU
		{630253BF-9D35-43DF-958D-864918FE3023}.Debug|Any CPU.ActiveCfg = Debug|Any CPU
		{630253BF-9D35-43DF-958D-864918FE3023}.Debug|Any CPU.Build.0 = Debug|Any CPU
		{630253BF-9D35-43DF-958D-864918FE3023}.Release|Any CPU.ActiveCfg = Release|Any CPU
		{630253BF-9D35-43DF-958D-864918FE3023}.Release|Any CPU.Build.0 = Release|Any CPU
	EndGlobalSection
	GlobalSection(SolutionProperties) = preSolution
		HideSolutionNode = FALSE
	EndGlobalSection
EndGlobal
